
Microsoft Visual Studio Solution File, Format Version 12.00
# Visual Studio 15
VisualStudioVersion = 15.0.28307.705
MinimumVisualStudioVersion = 10.0.40219.1
Project("{FAE04EC0-301F-11D3-BF4B-00C04F79EFBC}") = "Bing.CodeGenerator", "src\Bing.CodeGenerator\Bing.CodeGenerator.csproj", "{AADCA6A4-F7D0-4679-93F0-07AB94A0EAF2}"
EndProject
Global
	GlobalSection(SolutionConfigurationPlatforms) = preSolution
		Debug|Any CPU = Debug|Any CPU
		Release|Any CPU = Release|Any CPU
	EndGlobalSection
	GlobalSection(ProjectConfigurationPlatforms) = postSolution
		{AADCA6A4-F7D0-4679-93F0-07AB94A0EAF2}.Debug|Any CPU.ActiveCfg = Debug|Any CPU
		{AADCA6A4-F7D0-4679-93F0-07AB94A0EAF2}.Debug|Any CPU.Build.0 = Debug|Any CPU
		{AADCA6A4-F7D0-4679-93F0-07AB94A0EAF2}.Release|Any CPU.ActiveCfg = Release|Any CPU
		{AADCA6A4-F7D0-4679-93F0-07AB94A0EAF2}.Release|Any CPU.Build.0 = Release|Any CPU
	EndGlobalSection
	GlobalSection(SolutionProperties) = preSolution
		HideSolutionNode = FALSE
	EndGlobalSection
	GlobalSection(ExtensibilityGlobals) = postSolution
		SolutionGuid = {17981B09-6C7E-428D-B2F2-0B6AE5FD07F0}
	EndGlobalSection
EndGlobal
